// !$*UTF8*$!
{
	archiveVersion = 1;
	classes = {
	};
	objectVersion = 56;
	objects = {

/* Begin PBXBuildFile section */
		911D39A829B923C300E218C6 /* MatchTableViewCell.swift in Sources */ = {isa = PBXBuildFile; fileRef = 911D39A729B923C300E218C6 /* MatchTableViewCell.swift */; };
		911D39AA29B9436700E218C6 /* UIView+Extension.swift in Sources */ = {isa = PBXBuildFile; fileRef = 911D39A929B9436700E218C6 /* UIView+Extension.swift */; };
		911D39AC29B9463400E218C6 /* CustomAlert.swift in Sources */ = {isa = PBXBuildFile; fileRef = 911D39AB29B9463400E218C6 /* CustomAlert.swift */; };
		917DBCC929B7A3C000156996 /* FutebolitoTextField.swift in Sources */ = {isa = PBXBuildFile; fileRef = 917DBCC829B7A3C000156996 /* FutebolitoTextField.swift */; };
		919D337529B99A6900FC0D8B /* InfosTeamViewController.swift in Sources */ = {isa = PBXBuildFile; fileRef = 919D337429B99A6900FC0D8B /* InfosTeamViewController.swift */; };
		919D337729B99A8C00FC0D8B /* InfosTeamView.swift in Sources */ = {isa = PBXBuildFile; fileRef = 919D337629B99A8C00FC0D8B /* InfosTeamView.swift */; };
		91DC37D929BA55B300397B07 /* LeagueViewController.swift in Sources */ = {isa = PBXBuildFile; fileRef = 91DC37D829BA55B200397B07 /* LeagueViewController.swift */; };
		91DC37DB29BA55C900397B07 /* NewsViewController.swift in Sources */ = {isa = PBXBuildFile; fileRef = 91DC37DA29BA55C900397B07 /* NewsViewController.swift */; };
		91DC37DD29BA55DB00397B07 /* ProfileViewController.swift in Sources */ = {isa = PBXBuildFile; fileRef = 91DC37DC29BA55DB00397B07 /* ProfileViewController.swift */; };
		AC2B75A129BA30EE00AD3A2F /* LeaguesViewController.swift in Sources */ = {isa = PBXBuildFile; fileRef = AC2B75A029BA30EE00AD3A2F /* LeaguesViewController.swift */; };
		AC2B75A329BA328100AD3A2F /* LeaguesCollectionViewCell.swift in Sources */ = {isa = PBXBuildFile; fileRef = AC2B75A229BA328100AD3A2F /* LeaguesCollectionViewCell.swift */; };
		AC5ACC9529BA581100F8EC18 /* GoogleService-Info.plist in Resources */ = {isa = PBXBuildFile; fileRef = AC5ACC9429BA581100F8EC18 /* GoogleService-Info.plist */; };
		AC5ACC9829BA59D600F8EC18 /* FirebaseAuth in Frameworks */ = {isa = PBXBuildFile; productRef = AC5ACC9729BA59D600F8EC18 /* FirebaseAuth */; };
		AC5ACC9A29BA59D600F8EC18 /* FirebaseFirestore in Frameworks */ = {isa = PBXBuildFile; productRef = AC5ACC9929BA59D600F8EC18 /* FirebaseFirestore */; };
		AC7D128629B6493A0041610C /* AppDelegate.swift in Sources */ = {isa = PBXBuildFile; fileRef = AC7D128529B6493A0041610C /* AppDelegate.swift */; };
		AC7D128829B6493A0041610C /* SceneDelegate.swift in Sources */ = {isa = PBXBuildFile; fileRef = AC7D128729B6493A0041610C /* SceneDelegate.swift */; };
		AC7D128A29B6493A0041610C /* LoginViewController.swift in Sources */ = {isa = PBXBuildFile; fileRef = AC7D128929B6493A0041610C /* LoginViewController.swift */; };
		AC7D128F29B6493B0041610C /* Assets.xcassets in Resources */ = {isa = PBXBuildFile; fileRef = AC7D128E29B6493B0041610C /* Assets.xcassets */; };
		AC7D129229B6493B0041610C /* LaunchScreen.storyboard in Resources */ = {isa = PBXBuildFile; fileRef = AC7D129029B6493B0041610C /* LaunchScreen.storyboard */; };
		AC7D129F29B64F300041610C /* LoginView.swift in Sources */ = {isa = PBXBuildFile; fileRef = AC7D129E29B64F300041610C /* LoginView.swift */; };
		AC7D12A229B652890041610C /* ViewConfiguration.swift in Sources */ = {isa = PBXBuildFile; fileRef = AC7D12A129B652890041610C /* ViewConfiguration.swift */; };
		AC915EB729B8FFF300788E26 /* RegisterView.swift in Sources */ = {isa = PBXBuildFile; fileRef = AC915EB629B8FFF300788E26 /* RegisterView.swift */; };
		AC915EB929B9001900788E26 /* RegisterViewController.swift in Sources */ = {isa = PBXBuildFile; fileRef = AC915EB829B9001900788E26 /* RegisterViewController.swift */; };
		AC915EBC29B9159900788E26 /* HomeView.swift in Sources */ = {isa = PBXBuildFile; fileRef = AC915EBB29B9159900788E26 /* HomeView.swift */; };
		AC915EBE29B915A800788E26 /* HomeViewController.swift in Sources */ = {isa = PBXBuildFile; fileRef = AC915EBD29B915A800788E26 /* HomeViewController.swift */; };
/* End PBXBuildFile section */

/* Begin PBXFileReference section */
		911D39A729B923C300E218C6 /* MatchTableViewCell.swift */ = {isa = PBXFileReference; lastKnownFileType = sourcecode.swift; path = MatchTableViewCell.swift; sourceTree = "<group>"; };
		911D39A929B9436700E218C6 /* UIView+Extension.swift */ = {isa = PBXFileReference; lastKnownFileType = sourcecode.swift; path = "UIView+Extension.swift"; sourceTree = "<group>"; };
		911D39AB29B9463400E218C6 /* CustomAlert.swift */ = {isa = PBXFileReference; lastKnownFileType = sourcecode.swift; path = CustomAlert.swift; sourceTree = "<group>"; };
		917DBCC829B7A3C000156996 /* FutebolitoTextField.swift */ = {isa = PBXFileReference; lastKnownFileType = sourcecode.swift; path = FutebolitoTextField.swift; sourceTree = "<group>"; };
		919D337429B99A6900FC0D8B /* InfosTeamViewController.swift */ = {isa = PBXFileReference; lastKnownFileType = sourcecode.swift; path = InfosTeamViewController.swift; sourceTree = "<group>"; };
		919D337629B99A8C00FC0D8B /* InfosTeamView.swift */ = {isa = PBXFileReference; lastKnownFileType = sourcecode.swift; path = InfosTeamView.swift; sourceTree = "<group>"; };
		91DC37D829BA55B200397B07 /* LeagueViewController.swift */ = {isa = PBXFileReference; lastKnownFileType = sourcecode.swift; path = LeagueViewController.swift; sourceTree = "<group>"; };
		91DC37DA29BA55C900397B07 /* NewsViewController.swift */ = {isa = PBXFileReference; lastKnownFileType = sourcecode.swift; path = NewsViewController.swift; sourceTree = "<group>"; };
		91DC37DC29BA55DB00397B07 /* ProfileViewController.swift */ = {isa = PBXFileReference; lastKnownFileType = sourcecode.swift; path = ProfileViewController.swift; sourceTree = "<group>"; };
		AC2B75A029BA30EE00AD3A2F /* LeaguesViewController.swift */ = {isa = PBXFileReference; lastKnownFileType = sourcecode.swift; path = LeaguesViewController.swift; sourceTree = "<group>"; };
		AC2B75A229BA328100AD3A2F /* LeaguesCollectionViewCell.swift */ = {isa = PBXFileReference; lastKnownFileType = sourcecode.swift; path = LeaguesCollectionViewCell.swift; sourceTree = "<group>"; };
		AC5ACC9429BA581100F8EC18 /* GoogleService-Info.plist */ = {isa = PBXFileReference; fileEncoding = 4; lastKnownFileType = text.plist.xml; path = "GoogleService-Info.plist"; sourceTree = "<group>"; };
		AC7D128229B6493A0041610C /* Futebolito.app */ = {isa = PBXFileReference; explicitFileType = wrapper.application; includeInIndex = 0; path = Futebolito.app; sourceTree = BUILT_PRODUCTS_DIR; };
		AC7D128529B6493A0041610C /* AppDelegate.swift */ = {isa = PBXFileReference; lastKnownFileType = sourcecode.swift; path = AppDelegate.swift; sourceTree = "<group>"; };
		AC7D128729B6493A0041610C /* SceneDelegate.swift */ = {isa = PBXFileReference; lastKnownFileType = sourcecode.swift; path = SceneDelegate.swift; sourceTree = "<group>"; };
		AC7D128929B6493A0041610C /* LoginViewController.swift */ = {isa = PBXFileReference; lastKnownFileType = sourcecode.swift; path = LoginViewController.swift; sourceTree = "<group>"; };
		AC7D128E29B6493B0041610C /* Assets.xcassets */ = {isa = PBXFileReference; lastKnownFileType = folder.assetcatalog; path = Assets.xcassets; sourceTree = "<group>"; };
		AC7D129129B6493B0041610C /* Base */ = {isa = PBXFileReference; lastKnownFileType = file.storyboard; name = Base; path = Base.lproj/LaunchScreen.storyboard; sourceTree = "<group>"; };
		AC7D129329B6493B0041610C /* Info.plist */ = {isa = PBXFileReference; lastKnownFileType = text.plist.xml; path = Info.plist; sourceTree = "<group>"; };
		AC7D129E29B64F300041610C /* LoginView.swift */ = {isa = PBXFileReference; lastKnownFileType = sourcecode.swift; path = LoginView.swift; sourceTree = "<group>"; };
		AC7D12A129B652890041610C /* ViewConfiguration.swift */ = {isa = PBXFileReference; lastKnownFileType = sourcecode.swift; path = ViewConfiguration.swift; sourceTree = "<group>"; };
		AC915EB629B8FFF300788E26 /* RegisterView.swift */ = {isa = PBXFileReference; lastKnownFileType = sourcecode.swift; path = RegisterView.swift; sourceTree = "<group>"; };
		AC915EB829B9001900788E26 /* RegisterViewController.swift */ = {isa = PBXFileReference; lastKnownFileType = sourcecode.swift; path = RegisterViewController.swift; sourceTree = "<group>"; };
		AC915EBB29B9159900788E26 /* HomeView.swift */ = {isa = PBXFileReference; lastKnownFileType = sourcecode.swift; path = HomeView.swift; sourceTree = "<group>"; };
		AC915EBD29B915A800788E26 /* HomeViewController.swift */ = {isa = PBXFileReference; lastKnownFileType = sourcecode.swift; path = HomeViewController.swift; sourceTree = "<group>"; };
/* End PBXFileReference section */

/* Begin PBXFrameworksBuildPhase section */
		AC7D127F29B6493A0041610C /* Frameworks */ = {
			isa = PBXFrameworksBuildPhase;
			buildActionMask = 2147483647;
			files = (
				AC5ACC9829BA59D600F8EC18 /* FirebaseAuth in Frameworks */,
				AC5ACC9A29BA59D600F8EC18 /* FirebaseFirestore in Frameworks */,
			);
			runOnlyForDeploymentPostprocessing = 0;
		};
/* End PBXFrameworksBuildPhase section */

/* Begin PBXGroup section */
		916BFD3C29B6691C008B4F16 /* Model */ = {
			isa = PBXGroup;
			children = (
			);
			path = Model;
			sourceTree = "<group>";
		};
		916BFD3D29B66B0D008B4F16 /* Login */ = {
			isa = PBXGroup;
			children = (
				AC7D129E29B64F300041610C /* LoginView.swift */,
				AC915EB629B8FFF300788E26 /* RegisterView.swift */,
			);
			path = Login;
			sourceTree = "<group>";
		};
		917DBCC729B7A3A900156996 /* Components */ = {
			isa = PBXGroup;
			children = (
				917DBCC829B7A3C000156996 /* FutebolitoTextField.swift */,
				911D39AB29B9463400E218C6 /* CustomAlert.swift */,
			);
			path = Components;
			sourceTree = "<group>";
		};
		AC7D127929B6493A0041610C = {
			isa = PBXGroup;
			children = (
				AC7D128429B6493A0041610C /* Futebolito */,
				AC7D128329B6493A0041610C /* Products */,
			);
			sourceTree = "<group>";
		};
		AC7D128329B6493A0041610C /* Products */ = {
			isa = PBXGroup;
			children = (
				AC7D128229B6493A0041610C /* Futebolito.app */,
			);
			name = Products;
			sourceTree = "<group>";
		};
		AC7D128429B6493A0041610C /* Futebolito */ = {
			isa = PBXGroup;
			children = (
				917DBCC729B7A3A900156996 /* Components */,
				AC7D12A029B652600041610C /* Helpers */,
				AC7D129329B6493B0041610C /* Info.plist */,
				AC5ACC9429BA581100F8EC18 /* GoogleService-Info.plist */,
				AC7D128529B6493A0041610C /* AppDelegate.swift */,
				AC7D128729B6493A0041610C /* SceneDelegate.swift */,
				AC7D128E29B6493B0041610C /* Assets.xcassets */,
				AC7D129029B6493B0041610C /* LaunchScreen.storyboard */,
				916BFD3C29B6691C008B4F16 /* Model */,
				AC7D129A29B64E920041610C /* View */,
				AC7D129B29B64E970041610C /* Controller */,
			);
			path = Futebolito;
			sourceTree = "<group>";
		};
		AC7D129A29B64E920041610C /* View */ = {
			isa = PBXGroup;
			children = (
				AC915EBA29B9157E00788E26 /* Home */,
				916BFD3D29B66B0D008B4F16 /* Login */,
			);
			path = View;
			sourceTree = "<group>";
		};
		AC7D129B29B64E970041610C /* Controller */ = {
			isa = PBXGroup;
			children = (
				AC7D128929B6493A0041610C /* LoginViewController.swift */,
				AC915EB829B9001900788E26 /* RegisterViewController.swift */,
				AC915EBD29B915A800788E26 /* HomeViewController.swift */,
				911D39A729B923C300E218C6 /* MatchTableViewCell.swift */,
				919D337429B99A6900FC0D8B /* InfosTeamViewController.swift */,
				AC2B75A029BA30EE00AD3A2F /* LeaguesViewController.swift */,
				AC2B75A229BA328100AD3A2F /* LeaguesCollectionViewCell.swift */,
				91DC37D829BA55B200397B07 /* LeagueViewController.swift */,
				91DC37DA29BA55C900397B07 /* NewsViewController.swift */,
				91DC37DC29BA55DB00397B07 /* ProfileViewController.swift */,
			);
			path = Controller;
			sourceTree = "<group>";
		};
		AC7D12A029B652600041610C /* Helpers */ = {
			isa = PBXGroup;
			children = (
				AC7D12A129B652890041610C /* ViewConfiguration.swift */,
				911D39A929B9436700E218C6 /* UIView+Extension.swift */,
			);
			path = Helpers;
			sourceTree = "<group>";
		};
		AC915EBA29B9157E00788E26 /* Home */ = {
			isa = PBXGroup;
			children = (
				AC915EBB29B9159900788E26 /* HomeView.swift */,
				919D337629B99A8C00FC0D8B /* InfosTeamView.swift */,
			);
			path = Home;
			sourceTree = "<group>";
		};
/* End PBXGroup section */

/* Begin PBXNativeTarget section */
		AC7D128129B6493A0041610C /* Futebolito */ = {
			isa = PBXNativeTarget;
			buildConfigurationList = AC7D129629B6493B0041610C /* Build configuration list for PBXNativeTarget "Futebolito" */;
			buildPhases = (
				AC7D127E29B6493A0041610C /* Sources */,
				AC7D127F29B6493A0041610C /* Frameworks */,
				AC7D128029B6493A0041610C /* Resources */,
			);
			buildRules = (
			);
			dependencies = (
			);
			name = Futebolito;
			packageProductDependencies = (
				AC5ACC9729BA59D600F8EC18 /* FirebaseAuth */,
				AC5ACC9929BA59D600F8EC18 /* FirebaseFirestore */,
			);
			productName = Futebolito;
			productReference = AC7D128229B6493A0041610C /* Futebolito.app */;
			productType = "com.apple.product-type.application";
		};
/* End PBXNativeTarget section */

/* Begin PBXProject section */
		AC7D127A29B6493A0041610C /* Project object */ = {
			isa = PBXProject;
			attributes = {
				BuildIndependentTargetsInParallel = 1;
				LastSwiftUpdateCheck = 1420;
				LastUpgradeCheck = 1420;
				TargetAttributes = {
					AC7D128129B6493A0041610C = {
						CreatedOnToolsVersion = 14.2;
					};
				};
			};
			buildConfigurationList = AC7D127D29B6493A0041610C /* Build configuration list for PBXProject "Futebolito" */;
			compatibilityVersion = "Xcode 14.0";
			developmentRegion = en;
			hasScannedForEncodings = 0;
			knownRegions = (
				en,
				Base,
			);
			mainGroup = AC7D127929B6493A0041610C;
			packageReferences = (
				AC5ACC9629BA59D600F8EC18 /* XCRemoteSwiftPackageReference "firebase-ios-sdk" */,
			);
			productRefGroup = AC7D128329B6493A0041610C /* Products */;
			projectDirPath = "";
			projectRoot = "";
			targets = (
				AC7D128129B6493A0041610C /* Futebolito */,
			);
		};
/* End PBXProject section */

/* Begin PBXResourcesBuildPhase section */
		AC7D128029B6493A0041610C /* Resources */ = {
			isa = PBXResourcesBuildPhase;
			buildActionMask = 2147483647;
			files = (
				AC7D129229B6493B0041610C /* LaunchScreen.storyboard in Resources */,
				AC7D128F29B6493B0041610C /* Assets.xcassets in Resources */,
				AC5ACC9529BA581100F8EC18 /* GoogleService-Info.plist in Resources */,
			);
			runOnlyForDeploymentPostprocessing = 0;
		};
/* End PBXResourcesBuildPhase section */

/* Begin PBXSourcesBuildPhase section */
		AC7D127E29B6493A0041610C /* Sources */ = {
			isa = PBXSourcesBuildPhase;
			buildActionMask = 2147483647;
			files = (
				911D39A829B923C300E218C6 /* MatchTableViewCell.swift in Sources */,
				AC915EBC29B9159900788E26 /* HomeView.swift in Sources */,
				91DC37DD29BA55DB00397B07 /* ProfileViewController.swift in Sources */,
				AC7D128A29B6493A0041610C /* LoginViewController.swift in Sources */,
				AC7D128629B6493A0041610C /* AppDelegate.swift in Sources */,
				AC7D129F29B64F300041610C /* LoginView.swift in Sources */,
				AC915EB929B9001900788E26 /* RegisterViewController.swift in Sources */,
				911D39AA29B9436700E218C6 /* UIView+Extension.swift in Sources */,
				91DC37DB29BA55C900397B07 /* NewsViewController.swift in Sources */,
				AC915EBE29B915A800788E26 /* HomeViewController.swift in Sources */,
				AC915EB729B8FFF300788E26 /* RegisterView.swift in Sources */,
				AC7D12A229B652890041610C /* ViewConfiguration.swift in Sources */,
				919D337729B99A8C00FC0D8B /* InfosTeamView.swift in Sources */,
				AC2B75A129BA30EE00AD3A2F /* LeaguesViewController.swift in Sources */,
				911D39AC29B9463400E218C6 /* CustomAlert.swift in Sources */,
				91DC37D929BA55B300397B07 /* LeagueViewController.swift in Sources */,
				919D337529B99A6900FC0D8B /* InfosTeamViewController.swift in Sources */,
				AC2B75A329BA328100AD3A2F /* LeaguesCollectionViewCell.swift in Sources */,
				917DBCC929B7A3C000156996 /* FutebolitoTextField.swift in Sources */,
				AC7D128829B6493A0041610C /* SceneDelegate.swift in Sources */,
			);
			runOnlyForDeploymentPostprocessing = 0;
		};
/* End PBXSourcesBuildPhase section */

/* Begin PBXVariantGroup section */
		AC7D129029B6493B0041610C /* LaunchScreen.storyboard */ = {
			isa = PBXVariantGroup;
			children = (
				AC7D129129B6493B0041610C /* Base */,
			);
			name = LaunchScreen.storyboard;
			sourceTree = "<group>";
		};
/* End PBXVariantGroup section */

/* Begin XCBuildConfiguration section */
		AC7D129429B6493B0041610C /* Debug */ = {
			isa = XCBuildConfiguration;
			buildSettings = {
				ALWAYS_SEARCH_USER_PATHS = NO;
				CLANG_ANALYZER_NONNULL = YES;
				CLANG_ANALYZER_NUMBER_OBJECT_CONVERSION = YES_AGGRESSIVE;
				CLANG_CXX_LANGUAGE_STANDARD = "gnu++20";
				CLANG_ENABLE_MODULES = YES;
				CLANG_ENABLE_OBJC_ARC = YES;
				CLANG_ENABLE_OBJC_WEAK = YES;
				CLANG_WARN_BLOCK_CAPTURE_AUTORELEASING = YES;
				CLANG_WARN_BOOL_CONVERSION = YES;
				CLANG_WARN_COMMA = YES;
				CLANG_WARN_CONSTANT_CONVERSION = YES;
				CLANG_WARN_DEPRECATED_OBJC_IMPLEMENTATIONS = YES;
				CLANG_WARN_DIRECT_OBJC_ISA_USAGE = YES_ERROR;
				CLANG_WARN_DOCUMENTATION_COMMENTS = YES;
				CLANG_WARN_EMPTY_BODY = YES;
				CLANG_WARN_ENUM_CONVERSION = YES;
				CLANG_WARN_INFINITE_RECURSION = YES;
				CLANG_WARN_INT_CONVERSION = YES;
				CLANG_WARN_NON_LITERAL_NULL_CONVERSION = YES;
				CLANG_WARN_OBJC_IMPLICIT_RETAIN_SELF = YES;
				CLANG_WARN_OBJC_LITERAL_CONVERSION = YES;
				CLANG_WARN_OBJC_ROOT_CLASS = YES_ERROR;
				CLANG_WARN_QUOTED_INCLUDE_IN_FRAMEWORK_HEADER = YES;
				CLANG_WARN_RANGE_LOOP_ANALYSIS = YES;
				CLANG_WARN_STRICT_PROTOTYPES = YES;
				CLANG_WARN_SUSPICIOUS_MOVE = YES;
				CLANG_WARN_UNGUARDED_AVAILABILITY = YES_AGGRESSIVE;
				CLANG_WARN_UNREACHABLE_CODE = YES;
				CLANG_WARN__DUPLICATE_METHOD_MATCH = YES;
				COPY_PHASE_STRIP = NO;
				DEBUG_INFORMATION_FORMAT = dwarf;
				ENABLE_STRICT_OBJC_MSGSEND = YES;
				ENABLE_TESTABILITY = YES;
				GCC_C_LANGUAGE_STANDARD = gnu11;
				GCC_DYNAMIC_NO_PIC = NO;
				GCC_NO_COMMON_BLOCKS = YES;
				GCC_OPTIMIZATION_LEVEL = 0;
				GCC_PREPROCESSOR_DEFINITIONS = (
					"DEBUG=1",
					"$(inherited)",
				);
				GCC_WARN_64_TO_32_BIT_CONVERSION = YES;
				GCC_WARN_ABOUT_RETURN_TYPE = YES_ERROR;
				GCC_WARN_UNDECLARED_SELECTOR = YES;
				GCC_WARN_UNINITIALIZED_AUTOS = YES_AGGRESSIVE;
				GCC_WARN_UNUSED_FUNCTION = YES;
				GCC_WARN_UNUSED_VARIABLE = YES;
				IPHONEOS_DEPLOYMENT_TARGET = 16.2;
				MTL_ENABLE_DEBUG_INFO = INCLUDE_SOURCE;
				MTL_FAST_MATH = YES;
				ONLY_ACTIVE_ARCH = YES;
				SDKROOT = iphoneos;
				SWIFT_ACTIVE_COMPILATION_CONDITIONS = DEBUG;
				SWIFT_OPTIMIZATION_LEVEL = "-Onone";
			};
			name = Debug;
		};
		AC7D129529B6493B0041610C /* Release */ = {
			isa = XCBuildConfiguration;
			buildSettings = {
				ALWAYS_SEARCH_USER_PATHS = NO;
				CLANG_ANALYZER_NONNULL = YES;
				CLANG_ANALYZER_NUMBER_OBJECT_CONVERSION = YES_AGGRESSIVE;
				CLANG_CXX_LANGUAGE_STANDARD = "gnu++20";
				CLANG_ENABLE_MODULES = YES;
				CLANG_ENABLE_OBJC_ARC = YES;
				CLANG_ENABLE_OBJC_WEAK = YES;
				CLANG_WARN_BLOCK_CAPTURE_AUTORELEASING = YES;
				CLANG_WARN_BOOL_CONVERSION = YES;
				CLANG_WARN_COMMA = YES;
				CLANG_WARN_CONSTANT_CONVERSION = YES;
				CLANG_WARN_DEPRECATED_OBJC_IMPLEMENTATIONS = YES;
				CLANG_WARN_DIRECT_OBJC_ISA_USAGE = YES_ERROR;
				CLANG_WARN_DOCUMENTATION_COMMENTS = YES;
				CLANG_WARN_EMPTY_BODY = YES;
				CLANG_WARN_ENUM_CONVERSION = YES;
				CLANG_WARN_INFINITE_RECURSION = YES;
				CLANG_WARN_INT_CONVERSION = YES;
				CLANG_WARN_NON_LITERAL_NULL_CONVERSION = YES;
				CLANG_WARN_OBJC_IMPLICIT_RETAIN_SELF = YES;
				CLANG_WARN_OBJC_LITERAL_CONVERSION = YES;
				CLANG_WARN_OBJC_ROOT_CLASS = YES_ERROR;
				CLANG_WARN_QUOTED_INCLUDE_IN_FRAMEWORK_HEADER = YES;
				CLANG_WARN_RANGE_LOOP_ANALYSIS = YES;
				CLANG_WARN_STRICT_PROTOTYPES = YES;
				CLANG_WARN_SUSPICIOUS_MOVE = YES;
				CLANG_WARN_UNGUARDED_AVAILABILITY = YES_AGGRESSIVE;
				CLANG_WARN_UNREACHABLE_CODE = YES;
				CLANG_WARN__DUPLICATE_METHOD_MATCH = YES;
				COPY_PHASE_STRIP = NO;
				DEBUG_INFORMATION_FORMAT = "dwarf-with-dsym";
				ENABLE_NS_ASSERTIONS = NO;
				ENABLE_STRICT_OBJC_MSGSEND = YES;
				GCC_C_LANGUAGE_STANDARD = gnu11;
				GCC_NO_COMMON_BLOCKS = YES;
				GCC_WARN_64_TO_32_BIT_CONVERSION = YES;
				GCC_WARN_ABOUT_RETURN_TYPE = YES_ERROR;
				GCC_WARN_UNDECLARED_SELECTOR = YES;
				GCC_WARN_UNINITIALIZED_AUTOS = YES_AGGRESSIVE;
				GCC_WARN_UNUSED_FUNCTION = YES;
				GCC_WARN_UNUSED_VARIABLE = YES;
				IPHONEOS_DEPLOYMENT_TARGET = 16.2;
				MTL_ENABLE_DEBUG_INFO = NO;
				MTL_FAST_MATH = YES;
				SDKROOT = iphoneos;
				SWIFT_COMPILATION_MODE = wholemodule;
				SWIFT_OPTIMIZATION_LEVEL = "-O";
				VALIDATE_PRODUCT = YES;
			};
			name = Release;
		};
		AC7D129729B6493B0041610C /* Debug */ = {
			isa = XCBuildConfiguration;
			buildSettings = {
				ASSETCATALOG_COMPILER_APPICON_NAME = AppIcon;
				ASSETCATALOG_COMPILER_GLOBAL_ACCENT_COLOR_NAME = AccentColor;
				CODE_SIGN_STYLE = Automatic;
				CURRENT_PROJECT_VERSION = 1;
				DEVELOPMENT_TEAM = 9C3H9RTL82;
				GENERATE_INFOPLIST_FILE = YES;
				INFOPLIST_FILE = Futebolito/Info.plist;
				INFOPLIST_KEY_UIApplicationSupportsIndirectInputEvents = YES;
				INFOPLIST_KEY_UILaunchStoryboardName = LaunchScreen;
				INFOPLIST_KEY_UISupportedInterfaceOrientations_iPad = "UIInterfaceOrientationPortrait UIInterfaceOrientationPortraitUpsideDown UIInterfaceOrientationLandscapeLeft UIInterfaceOrientationLandscapeRight";
				INFOPLIST_KEY_UISupportedInterfaceOrientations_iPhone = "UIInterfaceOrientationPortrait UIInterfaceOrientationLandscapeLeft UIInterfaceOrientationLandscapeRight";
				IPHONEOS_DEPLOYMENT_TARGET = 16.1;
				LD_RUNPATH_SEARCH_PATHS = (
					"$(inherited)",
					"@executable_path/Frameworks",
				);
				MARKETING_VERSION = 1.0;
				PRODUCT_BUNDLE_IDENTIFIER = com.mmt.Futebolito;
				PRODUCT_NAME = "$(TARGET_NAME)";
				SWIFT_EMIT_LOC_STRINGS = YES;
				SWIFT_VERSION = 5.0;
				TARGETED_DEVICE_FAMILY = "1,2";
			};
			name = Debug;
		};
		AC7D129829B6493B0041610C /* Release */ = {
			isa = XCBuildConfiguration;
			buildSettings = {
				ASSETCATALOG_COMPILER_APPICON_NAME = AppIcon;
				ASSETCATALOG_COMPILER_GLOBAL_ACCENT_COLOR_NAME = AccentColor;
				CODE_SIGN_STYLE = Automatic;
				CURRENT_PROJECT_VERSION = 1;
				DEVELOPMENT_TEAM = 9C3H9RTL82;
				GENERATE_INFOPLIST_FILE = YES;
				INFOPLIST_FILE = Futebolito/Info.plist;
				INFOPLIST_KEY_UIApplicationSupportsIndirectInputEvents = YES;
				INFOPLIST_KEY_UILaunchStoryboardName = LaunchScreen;
				INFOPLIST_KEY_UISupportedInterfaceOrientations_iPad = "UIInterfaceOrientationPortrait UIInterfaceOrientationPortraitUpsideDown UIInterfaceOrientationLandscapeLeft UIInterfaceOrientationLandscapeRight";
				INFOPLIST_KEY_UISupportedInterfaceOrientations_iPhone = "UIInterfaceOrientationPortrait UIInterfaceOrientationLandscapeLeft UIInterfaceOrientationLandscapeRight";
				IPHONEOS_DEPLOYMENT_TARGET = 16.1;
				LD_RUNPATH_SEARCH_PATHS = (
					"$(inherited)",
					"@executable_path/Frameworks",
				);
				MARKETING_VERSION = 1.0;
				PRODUCT_BUNDLE_IDENTIFIER = com.mmt.Futebolito;
				PRODUCT_NAME = "$(TARGET_NAME)";
				SWIFT_EMIT_LOC_STRINGS = YES;
				SWIFT_VERSION = 5.0;
				TARGETED_DEVICE_FAMILY = "1,2";
			};
			name = Release;
		};
/* End XCBuildConfiguration section */

/* Begin XCConfigurationList section */
		AC7D127D29B6493A0041610C /* Build configuration list for PBXProject "Futebolito" */ = {
			isa = XCConfigurationList;
			buildConfigurations = (
				AC7D129429B6493B0041610C /* Debug */,
				AC7D129529B6493B0041610C /* Release */,
			);
			defaultConfigurationIsVisible = 0;
			defaultConfigurationName = Release;
		};
		AC7D129629B6493B0041610C /* Build configuration list for PBXNativeTarget "Futebolito" */ = {
			isa = XCConfigurationList;
			buildConfigurations = (
				AC7D129729B6493B0041610C /* Debug */,
				AC7D129829B6493B0041610C /* Release */,
			);
			defaultConfigurationIsVisible = 0;
			defaultConfigurationName = Release;
		};
/* End XCConfigurationList section */

/* Begin XCRemoteSwiftPackageReference section */
		AC5ACC9629BA59D600F8EC18 /* XCRemoteSwiftPackageReference "firebase-ios-sdk" */ = {
			isa = XCRemoteSwiftPackageReference;
			repositoryURL = "https://github.com/firebase/firebase-ios-sdk";
			requirement = {
				kind = upToNextMajorVersion;
				minimumVersion = 9.0.0;
			};
		};
/* End XCRemoteSwiftPackageReference section */

/* Begin XCSwiftPackageProductDependency section */
		AC5ACC9729BA59D600F8EC18 /* FirebaseAuth */ = {
			isa = XCSwiftPackageProductDependency;
			package = AC5ACC9629BA59D600F8EC18 /* XCRemoteSwiftPackageReference "firebase-ios-sdk" */;
			productName = FirebaseAuth;
		};
		AC5ACC9929BA59D600F8EC18 /* FirebaseFirestore */ = {
			isa = XCSwiftPackageProductDependency;
			package = AC5ACC9629BA59D600F8EC18 /* XCRemoteSwiftPackageReference "firebase-ios-sdk" */;
			productName = FirebaseFirestore;
		};
/* End XCSwiftPackageProductDependency section */
	};
	rootObject = AC7D127A29B6493A0041610C /* Project object */;
}
